
Microsoft Visual Studio Solution File, Format Version 12.00
# Visual Studio 2012
Project("{FAE04EC0-301F-11D3-BF4B-00C04F79EFBC}") = "UrTQuery", "UrTQuery\UrTQuery.csproj", "{25D722AD-62CA-4A6D-8994-605B0F3E5567}"
EndProject
Project("{FAE04EC0-301F-11D3-BF4B-00C04F79EFBC}") = "QuakeQueryDll", "..\QuakeQueryDll\QuakeQueryDll\QuakeQueryDll.csproj", "{EC3B2F45-4518-427F-A1B2-89D9605AE9D3}"
EndProject
Global
	GlobalSection(SolutionConfigurationPlatforms) = preSolution
		Debug|Any CPU = Debug|Any CPU
		Release|Any CPU = Release|Any CPU
	EndGlobalSection
	GlobalSection(ProjectConfigurationPlatforms) = postSolution
		{25D722AD-62CA-4A6D-8994-605B0F3E5567}.Debug|Any CPU.ActiveCfg = Debug|Any CPU
		{25D722AD-62CA-4A6D-8994-605B0F3E5567}.Debug|Any CPU.Build.0 = Debug|Any CPU
		{25D722AD-62CA-4A6D-8994-605B0F3E5567}.Release|Any CPU.ActiveCfg = Release|Any CPU
		{25D722AD-62CA-4A6D-8994-605B0F3E5567}.Release|Any CPU.Build.0 = Release|Any CPU
		{EC3B2F45-4518-427F-A1B2-89D9605AE9D3}.Debug|Any CPU.ActiveCfg = Debug|Any CPU
		{EC3B2F45-4518-427F-A1B2-89D9605AE9D3}.Debug|Any CPU.Build.0 = Debug|Any CPU
		{EC3B2F45-4518-427F-A1B2-89D9605AE9D3}.Release|Any CPU.ActiveCfg = Release|Any CPU
		{EC3B2F45-4518-427F-A1B2-89D9605AE9D3}.Release|Any CPU.Build.0 = Release|Any CPU
	EndGlobalSection
	GlobalSection(SolutionProperties) = preSolution
		HideSolutionNode = FALSE
	EndGlobalSection
EndGlobal
